
Microsoft Visual Studio Solution File, Format Version 12.00
# Visual Studio Version 17
VisualStudioVersion = 17.4.33213.308
MinimumVisualStudioVersion = 10.0.40219.1
Project("{FAE04EC0-301F-11D3-BF4B-00C04F79EFBC}") = "Algorithms_Homework_1.2 (Operations on Data Structures)", "Algorithms_Homework_1.2 (Operations on Data Structures)\Algorithms_Homework_1.2 (Operations on Data Structures).csproj", "{3A435536-E474-43AB-97BD-29032A0CEBD7}"
EndProject
Global
	GlobalSection(SolutionConfigurationPlatforms) = preSolution
		Debug|Any CPU = Debug|Any CPU
		Release|Any CPU = Release|Any CPU
	EndGlobalSection
	GlobalSection(ProjectConfigurationPlatforms) = postSolution
		{3A435536-E474-43AB-97BD-29032A0CEBD7}.Debug|Any CPU.ActiveCfg = Debug|Any CPU
		{3A435536-E474-43AB-97BD-29032A0CEBD7}.Debug|Any CPU.Build.0 = Debug|Any CPU
		{3A435536-E474-43AB-97BD-29032A0CEBD7}.Release|Any CPU.ActiveCfg = Release|Any CPU
		{3A435536-E474-43AB-97BD-29032A0CEBD7}.Release|Any CPU.Build.0 = Release|Any CPU
	EndGlobalSection
	GlobalSection(SolutionProperties) = preSolution
		HideSolutionNode = FALSE
	EndGlobalSection
	GlobalSection(ExtensibilityGlobals) = postSolution
		SolutionGuid = {7F3B39AB-6EC0-48A6-A865-1691AE07B358}
	EndGlobalSection
EndGlobal
